// !$*UTF8*$!
{
	archiveVersion = 1;
	classes = {
	};
	objectVersion = 50;
	objects = {

/* Begin PBXBuildFile section */
		7A89DCEE2632A94200D23AEE /* AppDelegate.swift in Sources */ = {isa = PBXBuildFile; fileRef = 7A89DCED2632A94200D23AEE /* AppDelegate.swift */; };
		7A89DCF02632A94200D23AEE /* SceneDelegate.swift in Sources */ = {isa = PBXBuildFile; fileRef = 7A89DCEF2632A94200D23AEE /* SceneDelegate.swift */; };
		7A89DCF22632A94200D23AEE /* EditEventViewController.swift in Sources */ = {isa = PBXBuildFile; fileRef = 7A89DCF12632A94200D23AEE /* EditEventViewController.swift */; };
		7A89DCF52632A94200D23AEE /* Main.storyboard in Resources */ = {isa = PBXBuildFile; fileRef = 7A89DCF32632A94200D23AEE /* Main.storyboard */; };
		7A89DCF72632A94300D23AEE /* Assets.xcassets in Resources */ = {isa = PBXBuildFile; fileRef = 7A89DCF62632A94300D23AEE /* Assets.xcassets */; };
		7A89DCFA2632A94300D23AEE /* LaunchScreen.storyboard in Resources */ = {isa = PBXBuildFile; fileRef = 7A89DCF82632A94300D23AEE /* LaunchScreen.storyboard */; };
		7A89DD052632A94300D23AEE /* CalendarTests.swift in Sources */ = {isa = PBXBuildFile; fileRef = 7A89DD042632A94300D23AEE /* CalendarTests.swift */; };
		7A89DD102632A94300D23AEE /* CalendarUITests.swift in Sources */ = {isa = PBXBuildFile; fileRef = 7A89DD0F2632A94300D23AEE /* CalendarUITests.swift */; };
		7A89DD212632AE1200D23AEE /* Cells.swift in Sources */ = {isa = PBXBuildFile; fileRef = 7A89DD202632AE1200D23AEE /* Cells.swift */; };
/* End PBXBuildFile section */

/* Begin PBXContainerItemProxy section */
		7A89DD012632A94300D23AEE /* PBXContainerItemProxy */ = {
			isa = PBXContainerItemProxy;
			containerPortal = 7A89DCE22632A94200D23AEE /* Project object */;
			proxyType = 1;
			remoteGlobalIDString = 7A89DCE92632A94200D23AEE;
			remoteInfo = Calendar;
		};
		7A89DD0C2632A94300D23AEE /* PBXContainerItemProxy */ = {
			isa = PBXContainerItemProxy;
			containerPortal = 7A89DCE22632A94200D23AEE /* Project object */;
			proxyType = 1;
			remoteGlobalIDString = 7A89DCE92632A94200D23AEE;
			remoteInfo = Calendar;
		};
/* End PBXContainerItemProxy section */

/* Begin PBXFileReference section */
		7A89DCEA2632A94200D23AEE /* Calendar.app */ = {isa = PBXFileReference; explicitFileType = wrapper.application; includeInIndex = 0; path = Calendar.app; sourceTree = BUILT_PRODUCTS_DIR; };
		7A89DCED2632A94200D23AEE /* AppDelegate.swift */ = {isa = PBXFileReference; lastKnownFileType = sourcecode.swift; path = AppDelegate.swift; sourceTree = "<group>"; };
		7A89DCEF2632A94200D23AEE /* SceneDelegate.swift */ = {isa = PBXFileReference; lastKnownFileType = sourcecode.swift; path = SceneDelegate.swift; sourceTree = "<group>"; };
		7A89DCF12632A94200D23AEE /* EditEventViewController.swift */ = {isa = PBXFileReference; lastKnownFileType = sourcecode.swift; path = EditEventViewController.swift; sourceTree = "<group>"; };
		7A89DCF42632A94200D23AEE /* Base */ = {isa = PBXFileReference; lastKnownFileType = file.storyboard; name = Base; path = Base.lproj/Main.storyboard; sourceTree = "<group>"; };
		7A89DCF62632A94300D23AEE /* Assets.xcassets */ = {isa = PBXFileReference; lastKnownFileType = folder.assetcatalog; path = Assets.xcassets; sourceTree = "<group>"; };
		7A89DCF92632A94300D23AEE /* Base */ = {isa = PBXFileReference; lastKnownFileType = file.storyboard; name = Base; path = Base.lproj/LaunchScreen.storyboard; sourceTree = "<group>"; };
		7A89DCFB2632A94300D23AEE /* Info.plist */ = {isa = PBXFileReference; lastKnownFileType = text.plist.xml; path = Info.plist; sourceTree = "<group>"; };
		7A89DD002632A94300D23AEE /* CalendarTests.xctest */ = {isa = PBXFileReference; explicitFileType = wrapper.cfbundle; includeInIndex = 0; path = CalendarTests.xctest; sourceTree = BUILT_PRODUCTS_DIR; };
		7A89DD042632A94300D23AEE /* CalendarTests.swift */ = {isa = PBXFileReference; lastKnownFileType = sourcecode.swift; path = CalendarTests.swift; sourceTree = "<group>"; };
		7A89DD062632A94300D23AEE /* Info.plist */ = {isa = PBXFileReference; lastKnownFileType = text.plist.xml; path = Info.plist; sourceTree = "<group>"; };
		7A89DD0B2632A94300D23AEE /* CalendarUITests.xctest */ = {isa = PBXFileReference; explicitFileType = wrapper.cfbundle; includeInIndex = 0; path = CalendarUITests.xctest; sourceTree = BUILT_PRODUCTS_DIR; };
		7A89DD0F2632A94300D23AEE /* CalendarUITests.swift */ = {isa = PBXFileReference; lastKnownFileType = sourcecode.swift; path = CalendarUITests.swift; sourceTree = "<group>"; };
		7A89DD112632A94300D23AEE /* Info.plist */ = {isa = PBXFileReference; lastKnownFileType = text.plist.xml; path = Info.plist; sourceTree = "<group>"; };
		7A89DD202632AE1200D23AEE /* Cells.swift */ = {isa = PBXFileReference; lastKnownFileType = sourcecode.swift; path = Cells.swift; sourceTree = "<group>"; };
/* End PBXFileReference section */

/* Begin PBXFrameworksBuildPhase section */
		7A89DCE72632A94200D23AEE /* Frameworks */ = {
			isa = PBXFrameworksBuildPhase;
			buildActionMask = 2147483647;
			files = (
			);
			runOnlyForDeploymentPostprocessing = 0;
		};
		7A89DCFD2632A94300D23AEE /* Frameworks */ = {
			isa = PBXFrameworksBuildPhase;
			buildActionMask = 2147483647;
			files = (
			);
			runOnlyForDeploymentPostprocessing = 0;
		};
		7A89DD082632A94300D23AEE /* Frameworks */ = {
			isa = PBXFrameworksBuildPhase;
			buildActionMask = 2147483647;
			files = (
			);
			runOnlyForDeploymentPostprocessing = 0;
		};
/* End PBXFrameworksBuildPhase section */

/* Begin PBXGroup section */
		7A89DCE12632A94200D23AEE = {
			isa = PBXGroup;
			children = (
				7A89DCEC2632A94200D23AEE /* Calendar */,
				7A89DD032632A94300D23AEE /* CalendarTests */,
				7A89DD0E2632A94300D23AEE /* CalendarUITests */,
				7A89DCEB2632A94200D23AEE /* Products */,
			);
			sourceTree = "<group>";
		};
		7A89DCEB2632A94200D23AEE /* Products */ = {
			isa = PBXGroup;
			children = (
				7A89DCEA2632A94200D23AEE /* Calendar.app */,
				7A89DD002632A94300D23AEE /* CalendarTests.xctest */,
				7A89DD0B2632A94300D23AEE /* CalendarUITests.xctest */,
			);
			name = Products;
			sourceTree = "<group>";
		};
		7A89DCEC2632A94200D23AEE /* Calendar */ = {
			isa = PBXGroup;
			children = (
				7A89DCED2632A94200D23AEE /* AppDelegate.swift */,
				7A89DCEF2632A94200D23AEE /* SceneDelegate.swift */,
				7A89DCF12632A94200D23AEE /* EditEventViewController.swift */,
				7A89DCF32632A94200D23AEE /* Main.storyboard */,
				7A89DCF62632A94300D23AEE /* Assets.xcassets */,
				7A89DCF82632A94300D23AEE /* LaunchScreen.storyboard */,
				7A89DCFB2632A94300D23AEE /* Info.plist */,
				7A89DD202632AE1200D23AEE /* Cells.swift */,
			);
			path = Calendar;
			sourceTree = "<group>";
		};
		7A89DD032632A94300D23AEE /* CalendarTests */ = {
			isa = PBXGroup;
			children = (
				7A89DD042632A94300D23AEE /* CalendarTests.swift */,
				7A89DD062632A94300D23AEE /* Info.plist */,
			);
			path = CalendarTests;
			sourceTree = "<group>";
		};
		7A89DD0E2632A94300D23AEE /* CalendarUITests */ = {
			isa = PBXGroup;
			children = (
				7A89DD0F2632A94300D23AEE /* CalendarUITests.swift */,
				7A89DD112632A94300D23AEE /* Info.plist */,
			);
			path = CalendarUITests;
			sourceTree = "<group>";
		};
/* End PBXGroup section */

/* Begin PBXNativeTarget section */
		7A89DCE92632A94200D23AEE /* Calendar */ = {
			isa = PBXNativeTarget;
			buildConfigurationList = 7A89DD142632A94300D23AEE /* Build configuration list for PBXNativeTarget "Calendar" */;
			buildPhases = (
				7A89DCE62632A94200D23AEE /* Sources */,
				7A89DCE72632A94200D23AEE /* Frameworks */,
				7A89DCE82632A94200D23AEE /* Resources */,
			);
			buildRules = (
			);
			dependencies = (
			);
			name = Calendar;
			productName = Calendar;
			productReference = 7A89DCEA2632A94200D23AEE /* Calendar.app */;
			productType = "com.apple.product-type.application";
		};
		7A89DCFF2632A94300D23AEE /* CalendarTests */ = {
			isa = PBXNativeTarget;
			buildConfigurationList = 7A89DD172632A94300D23AEE /* Build configuration list for PBXNativeTarget "CalendarTests" */;
			buildPhases = (
				7A89DCFC2632A94300D23AEE /* Sources */,
				7A89DCFD2632A94300D23AEE /* Frameworks */,
				7A89DCFE2632A94300D23AEE /* Resources */,
			);
			buildRules = (
			);
			dependencies = (
				7A89DD022632A94300D23AEE /* PBXTargetDependency */,
			);
			name = CalendarTests;
			productName = CalendarTests;
			productReference = 7A89DD002632A94300D23AEE /* CalendarTests.xctest */;
			productType = "com.apple.product-type.bundle.unit-test";
		};
		7A89DD0A2632A94300D23AEE /* CalendarUITests */ = {
			isa = PBXNativeTarget;
			buildConfigurationList = 7A89DD1A2632A94300D23AEE /* Build configuration list for PBXNativeTarget "CalendarUITests" */;
			buildPhases = (
				7A89DD072632A94300D23AEE /* Sources */,
				7A89DD082632A94300D23AEE /* Frameworks */,
				7A89DD092632A94300D23AEE /* Resources */,
			);
			buildRules = (
			);
			dependencies = (
				7A89DD0D2632A94300D23AEE /* PBXTargetDependency */,
			);
			name = CalendarUITests;
			productName = CalendarUITests;
			productReference = 7A89DD0B2632A94300D23AEE /* CalendarUITests.xctest */;
			productType = "com.apple.product-type.bundle.ui-testing";
		};
/* End PBXNativeTarget section */

/* Begin PBXProject section */
		7A89DCE22632A94200D23AEE /* Project object */ = {
			isa = PBXProject;
			attributes = {
				LastSwiftUpdateCheck = 1240;
				LastUpgradeCheck = 1240;
				TargetAttributes = {
					7A89DCE92632A94200D23AEE = {
						CreatedOnToolsVersion = 12.4;
					};
					7A89DCFF2632A94300D23AEE = {
						CreatedOnToolsVersion = 12.4;
						TestTargetID = 7A89DCE92632A94200D23AEE;
					};
					7A89DD0A2632A94300D23AEE = {
						CreatedOnToolsVersion = 12.4;
						TestTargetID = 7A89DCE92632A94200D23AEE;
					};
				};
			};
			buildConfigurationList = 7A89DCE52632A94200D23AEE /* Build configuration list for PBXProject "Calendar" */;
			compatibilityVersion = "Xcode 9.3";
			developmentRegion = en;
			hasScannedForEncodings = 0;
			knownRegions = (
				en,
				Base,
			);
			mainGroup = 7A89DCE12632A94200D23AEE;
			productRefGroup = 7A89DCEB2632A94200D23AEE /* Products */;
			projectDirPath = "";
			projectRoot = "";
			targets = (
				7A89DCE92632A94200D23AEE /* Calendar */,
				7A89DCFF2632A94300D23AEE /* CalendarTests */,
				7A89DD0A2632A94300D23AEE /* CalendarUITests */,
			);
		};
/* End PBXProject section */

/* Begin PBXResourcesBuildPhase section */
		7A89DCE82632A94200D23AEE /* Resources */ = {
			isa = PBXResourcesBuildPhase;
			buildActionMask = 2147483647;
			files = (
				7A89DCFA2632A94300D23AEE /* LaunchScreen.storyboard in Resources */,
				7A89DCF72632A94300D23AEE /* Assets.xcassets in Resources */,
				7A89DCF52632A94200D23AEE /* Main.storyboard in Resources */,
			);
			runOnlyForDeploymentPostprocessing = 0;
		};
		7A89DCFE2632A94300D23AEE /* Resources */ = {
			isa = PBXResourcesBuildPhase;
			buildActionMask = 2147483647;
			files = (
			);
			runOnlyForDeploymentPostprocessing = 0;
		};
		7A89DD092632A94300D23AEE /* Resources */ = {
			isa = PBXResourcesBuildPhase;
			buildActionMask = 2147483647;
			files = (
			);
			runOnlyForDeploymentPostprocessing = 0;
		};
/* End PBXResourcesBuildPhase section */

/* Begin PBXSourcesBuildPhase section */
		7A89DCE62632A94200D23AEE /* Sources */ = {
			isa = PBXSourcesBuildPhase;
			buildActionMask = 2147483647;
			files = (
				7A89DCF22632A94200D23AEE /* EditEventViewController.swift in Sources */,
				7A89DD212632AE1200D23AEE /* Cells.swift in Sources */,
				7A89DCEE2632A94200D23AEE /* AppDelegate.swift in Sources */,
				7A89DCF02632A94200D23AEE /* SceneDelegate.swift in Sources */,
			);
			runOnlyForDeploymentPostprocessing = 0;
		};
		7A89DCFC2632A94300D23AEE /* Sources */ = {
			isa = PBXSourcesBuildPhase;
			buildActionMask = 2147483647;
			files = (
				7A89DD052632A94300D23AEE /* CalendarTests.swift in Sources */,
			);
			runOnlyForDeploymentPostprocessing = 0;
		};
		7A89DD072632A94300D23AEE /* Sources */ = {
			isa = PBXSourcesBuildPhase;
			buildActionMask = 2147483647;
			files = (
				7A89DD102632A94300D23AEE /* CalendarUITests.swift in Sources */,
			);
			runOnlyForDeploymentPostprocessing = 0;
		};
/* End PBXSourcesBuildPhase section */

/* Begin PBXTargetDependency section */
		7A89DD022632A94300D23AEE /* PBXTargetDependency */ = {
			isa = PBXTargetDependency;
			target = 7A89DCE92632A94200D23AEE /* Calendar */;
			targetProxy = 7A89DD012632A94300D23AEE /* PBXContainerItemProxy */;
		};
		7A89DD0D2632A94300D23AEE /* PBXTargetDependency */ = {
			isa = PBXTargetDependency;
			target = 7A89DCE92632A94200D23AEE /* Calendar */;
			targetProxy = 7A89DD0C2632A94300D23AEE /* PBXContainerItemProxy */;
		};
/* End PBXTargetDependency section */

/* Begin PBXVariantGroup section */
		7A89DCF32632A94200D23AEE /* Main.storyboard */ = {
			isa = PBXVariantGroup;
			children = (
				7A89DCF42632A94200D23AEE /* Base */,
			);
			name = Main.storyboard;
			sourceTree = "<group>";
		};
		7A89DCF82632A94300D23AEE /* LaunchScreen.storyboard */ = {
			isa = PBXVariantGroup;
			children = (
				7A89DCF92632A94300D23AEE /* Base */,
			);
			name = LaunchScreen.storyboard;
			sourceTree = "<group>";
		};
/* End PBXVariantGroup section */

/* Begin XCBuildConfiguration section */
		7A89DD122632A94300D23AEE /* Debug */ = {
			isa = XCBuildConfiguration;
			buildSettings = {
				ALWAYS_SEARCH_USER_PATHS = NO;
				CLANG_ANALYZER_NONNULL = YES;
				CLANG_ANALYZER_NUMBER_OBJECT_CONVERSION = YES_AGGRESSIVE;
				CLANG_CXX_LANGUAGE_STANDARD = "gnu++14";
				CLANG_CXX_LIBRARY = "libc++";
				CLANG_ENABLE_MODULES = YES;
				CLANG_ENABLE_OBJC_ARC = YES;
				CLANG_ENABLE_OBJC_WEAK = YES;
				CLANG_WARN_BLOCK_CAPTURE_AUTORELEASING = YES;
				CLANG_WARN_BOOL_CONVERSION = YES;
				CLANG_WARN_COMMA = YES;
				CLANG_WARN_CONSTANT_CONVERSION = YES;
				CLANG_WARN_DEPRECATED_OBJC_IMPLEMENTATIONS = YES;
				CLANG_WARN_DIRECT_OBJC_ISA_USAGE = YES_ERROR;
				CLANG_WARN_DOCUMENTATION_COMMENTS = YES;
				CLANG_WARN_EMPTY_BODY = YES;
				CLANG_WARN_ENUM_CONVERSION = YES;
				CLANG_WARN_INFINITE_RECURSION = YES;
				CLANG_WARN_INT_CONVERSION = YES;
				CLANG_WARN_NON_LITERAL_NULL_CONVERSION = YES;
				CLANG_WARN_OBJC_IMPLICIT_RETAIN_SELF = YES;
				CLANG_WARN_OBJC_LITERAL_CONVERSION = YES;
				CLANG_WARN_OBJC_ROOT_CLASS = YES_ERROR;
				CLANG_WARN_QUOTED_INCLUDE_IN_FRAMEWORK_HEADER = YES;
				CLANG_WARN_RANGE_LOOP_ANALYSIS = YES;
				CLANG_WARN_STRICT_PROTOTYPES = YES;
				CLANG_WARN_SUSPICIOUS_MOVE = YES;
				CLANG_WARN_UNGUARDED_AVAILABILITY = YES_AGGRESSIVE;
				CLANG_WARN_UNREACHABLE_CODE = YES;
				CLANG_WARN__DUPLICATE_METHOD_MATCH = YES;
				COPY_PHASE_STRIP = NO;
				DEBUG_INFORMATION_FORMAT = dwarf;
				ENABLE_STRICT_OBJC_MSGSEND = YES;
				ENABLE_TESTABILITY = YES;
				GCC_C_LANGUAGE_STANDARD = gnu11;
				GCC_DYNAMIC_NO_PIC = NO;
				GCC_NO_COMMON_BLOCKS = YES;
				GCC_OPTIMIZATION_LEVEL = 0;
				GCC_PREPROCESSOR_DEFINITIONS = (
					"DEBUG=1",
					"$(inherited)",
				);
				GCC_WARN_64_TO_32_BIT_CONVERSION = YES;
				GCC_WARN_ABOUT_RETURN_TYPE = YES_ERROR;
				GCC_WARN_UNDECLARED_SELECTOR = YES;
				GCC_WARN_UNINITIALIZED_AUTOS = YES_AGGRESSIVE;
				GCC_WARN_UNUSED_FUNCTION = YES;
				GCC_WARN_UNUSED_VARIABLE = YES;
				IPHONEOS_DEPLOYMENT_TARGET = 14.4;
				MTL_ENABLE_DEBUG_INFO = INCLUDE_SOURCE;
				MTL_FAST_MATH = YES;
				ONLY_ACTIVE_ARCH = YES;
				SDKROOT = iphoneos;
				SWIFT_ACTIVE_COMPILATION_CONDITIONS = DEBUG;
				SWIFT_OPTIMIZATION_LEVEL = "-Onone";
			};
			name = Debug;
		};
		7A89DD132632A94300D23AEE /* Release */ = {
			isa = XCBuildConfiguration;
			buildSettings = {
				ALWAYS_SEARCH_USER_PATHS = NO;
				CLANG_ANALYZER_NONNULL = YES;
				CLANG_ANALYZER_NUMBER_OBJECT_CONVERSION = YES_AGGRESSIVE;
				CLANG_CXX_LANGUAGE_STANDARD = "gnu++14";
				CLANG_CXX_LIBRARY = "libc++";
				CLANG_ENABLE_MODULES = YES;
				CLANG_ENABLE_OBJC_ARC = YES;
				CLANG_ENABLE_OBJC_WEAK = YES;
				CLANG_WARN_BLOCK_CAPTURE_AUTORELEASING = YES;
				CLANG_WARN_BOOL_CONVERSION = YES;
				CLANG_WARN_COMMA = YES;
				CLANG_WARN_CONSTANT_CONVERSION = YES;
				CLANG_WARN_DEPRECATED_OBJC_IMPLEMENTATIONS = YES;
				CLANG_WARN_DIRECT_OBJC_ISA_USAGE = YES_ERROR;
				CLANG_WARN_DOCUMENTATION_COMMENTS = YES;
				CLANG_WARN_EMPTY_BODY = YES;
				CLANG_WARN_ENUM_CONVERSION = YES;
				CLANG_WARN_INFINITE_RECURSION = YES;
				CLANG_WARN_INT_CONVERSION = YES;
				CLANG_WARN_NON_LITERAL_NULL_CONVERSION = YES;
				CLANG_WARN_OBJC_IMPLICIT_RETAIN_SELF = YES;
				CLANG_WARN_OBJC_LITERAL_CONVERSION = YES;
				CLANG_WARN_OBJC_ROOT_CLASS = YES_ERROR;
				CLANG_WARN_QUOTED_INCLUDE_IN_FRAMEWORK_HEADER = YES;
				CLANG_WARN_RANGE_LOOP_ANALYSIS = YES;
				CLANG_WARN_STRICT_PROTOTYPES = YES;
				CLANG_WARN_SUSPICIOUS_MOVE = YES;
				CLANG_WARN_UNGUARDED_AVAILABILITY = YES_AGGRESSIVE;
				CLANG_WARN_UNREACHABLE_CODE = YES;
				CLANG_WARN__DUPLICATE_METHOD_MATCH = YES;
				COPY_PHASE_STRIP = NO;
				DEBUG_INFORMATION_FORMAT = "dwarf-with-dsym";
				ENABLE_NS_ASSERTIONS = NO;
				ENABLE_STRICT_OBJC_MSGSEND = YES;
				GCC_C_LANGUAGE_STANDARD = gnu11;
				GCC_NO_COMMON_BLOCKS = YES;
				GCC_WARN_64_TO_32_BIT_CONVERSION = YES;
				GCC_WARN_ABOUT_RETURN_TYPE = YES_ERROR;
				GCC_WARN_UNDECLARED_SELECTOR = YES;
				GCC_WARN_UNINITIALIZED_AUTOS = YES_AGGRESSIVE;
				GCC_WARN_UNUSED_FUNCTION = YES;
				GCC_WARN_UNUSED_VARIABLE = YES;
				IPHONEOS_DEPLOYMENT_TARGET = 14.4;
				MTL_ENABLE_DEBUG_INFO = NO;
				MTL_FAST_MATH = YES;
				SDKROOT = iphoneos;
				SWIFT_COMPILATION_MODE = wholemodule;
				SWIFT_OPTIMIZATION_LEVEL = "-O";
				VALIDATE_PRODUCT = YES;
			};
			name = Release;
		};
		7A89DD152632A94300D23AEE /* Debug */ = {
			isa = XCBuildConfiguration;
			buildSettings = {
				ASSETCATALOG_COMPILER_APPICON_NAME = AppIcon;
				ASSETCATALOG_COMPILER_GLOBAL_ACCENT_COLOR_NAME = AccentColor;
				CODE_SIGN_STYLE = Automatic;
				DEVELOPMENT_TEAM = 2DWT625AFZ;
				INFOPLIST_FILE = Calendar/Info.plist;
				LD_RUNPATH_SEARCH_PATHS = (
					"$(inherited)",
					"@executable_path/Frameworks",
				);
				PRODUCT_BUNDLE_IDENTIFIER = com.svetlio.dev.Calendar;
				PRODUCT_NAME = "$(TARGET_NAME)";
				SWIFT_VERSION = 5.0;
				TARGETED_DEVICE_FAMILY = "1,2";
			};
			name = Debug;
		};
		7A89DD162632A94300D23AEE /* Release */ = {
			isa = XCBuildConfiguration;
			buildSettings = {
				ASSETCATALOG_COMPILER_APPICON_NAME = AppIcon;
				ASSETCATALOG_COMPILER_GLOBAL_ACCENT_COLOR_NAME = AccentColor;
				CODE_SIGN_STYLE = Automatic;
				DEVELOPMENT_TEAM = 2DWT625AFZ;
				INFOPLIST_FILE = Calendar/Info.plist;
				LD_RUNPATH_SEARCH_PATHS = (
					"$(inherited)",
					"@executable_path/Frameworks",
				);
				PRODUCT_BUNDLE_IDENTIFIER = com.svetlio.dev.Calendar;
				PRODUCT_NAME = "$(TARGET_NAME)";
				SWIFT_VERSION = 5.0;
				TARGETED_DEVICE_FAMILY = "1,2";
			};
			name = Release;
		};
		7A89DD182632A94300D23AEE /* Debug */ = {
			isa = XCBuildConfiguration;
			buildSettings = {
				ALWAYS_EMBED_SWIFT_STANDARD_LIBRARIES = YES;
				BUNDLE_LOADER = "$(TEST_HOST)";
				CODE_SIGN_STYLE = Automatic;
				DEVELOPMENT_TEAM = 2DWT625AFZ;
				INFOPLIST_FILE = CalendarTests/Info.plist;
				IPHONEOS_DEPLOYMENT_TARGET = 14.4;
				LD_RUNPATH_SEARCH_PATHS = (
					"$(inherited)",
					"@executable_path/Frameworks",
					"@loader_path/Frameworks",
				);
				PRODUCT_BUNDLE_IDENTIFIER = com.svetlio.dev.CalendarTests;
				PRODUCT_NAME = "$(TARGET_NAME)";
				SWIFT_VERSION = 5.0;
				TARGETED_DEVICE_FAMILY = "1,2";
				TEST_HOST = "$(BUILT_PRODUCTS_DIR)/Calendar.app/Calendar";
			};
			name = Debug;
		};
		7A89DD192632A94300D23AEE /* Release */ = {
			isa = XCBuildConfiguration;
			buildSettings = {
				ALWAYS_EMBED_SWIFT_STANDARD_LIBRARIES = YES;
				BUNDLE_LOADER = "$(TEST_HOST)";
				CODE_SIGN_STYLE = Automatic;
				DEVELOPMENT_TEAM = 2DWT625AFZ;
				INFOPLIST_FILE = CalendarTests/Info.plist;
				IPHONEOS_DEPLOYMENT_TARGET = 14.4;
				LD_RUNPATH_SEARCH_PATHS = (
					"$(inherited)",
					"@executable_path/Frameworks",
					"@loader_path/Frameworks",
				);
				PRODUCT_BUNDLE_IDENTIFIER = com.svetlio.dev.CalendarTests;
				PRODUCT_NAME = "$(TARGET_NAME)";
				SWIFT_VERSION = 5.0;
				TARGETED_DEVICE_FAMILY = "1,2";
				TEST_HOST = "$(BUILT_PRODUCTS_DIR)/Calendar.app/Calendar";
			};
			name = Release;
		};
		7A89DD1B2632A94300D23AEE /* Debug */ = {
			isa = XCBuildConfiguration;
			buildSettings = {
				ALWAYS_EMBED_SWIFT_STANDARD_LIBRARIES = YES;
				CODE_SIGN_STYLE = Automatic;
				DEVELOPMENT_TEAM = 2DWT625AFZ;
				INFOPLIST_FILE = CalendarUITests/Info.plist;
				LD_RUNPATH_SEARCH_PATHS = (
					"$(inherited)",
					"@executable_path/Frameworks",
					"@loader_path/Frameworks",
				);
				PRODUCT_BUNDLE_IDENTIFIER = com.svetlio.dev.CalendarUITests;
				PRODUCT_NAME = "$(TARGET_NAME)";
				SWIFT_VERSION = 5.0;
				TARGETED_DEVICE_FAMILY = "1,2";
				TEST_TARGET_NAME = Calendar;
			};
			name = Debug;
		};
		7A89DD1C2632A94300D23AEE /* Release */ = {
			isa = XCBuildConfiguration;
			buildSettings = {
				ALWAYS_EMBED_SWIFT_STANDARD_LIBRARIES = YES;
				CODE_SIGN_STYLE = Automatic;
				DEVELOPMENT_TEAM = 2DWT625AFZ;
				INFOPLIST_FILE = CalendarUITests/Info.plist;
				LD_RUNPATH_SEARCH_PATHS = (
					"$(inherited)",
					"@executable_path/Frameworks",
					"@loader_path/Frameworks",
				);
				PRODUCT_BUNDLE_IDENTIFIER = com.svetlio.dev.CalendarUITests;
				PRODUCT_NAME = "$(TARGET_NAME)";
				SWIFT_VERSION = 5.0;
				TARGETED_DEVICE_FAMILY = "1,2";
				TEST_TARGET_NAME = Calendar;
			};
			name = Release;
		};
/* End XCBuildConfiguration section */

/* Begin XCConfigurationList section */
		7A89DCE52632A94200D23AEE /* Build configuration list for PBXProject "Calendar" */ = {
			isa = XCConfigurationList;
			buildConfigurations = (
				7A89DD122632A94300D23AEE /* Debug */,
				7A89DD132632A94300D23AEE /* Release */,
			);
			defaultConfigurationIsVisible = 0;
			defaultConfigurationName = Release;
		};
		7A89DD142632A94300D23AEE /* Build configuration list for PBXNativeTarget "Calendar" */ = {
			isa = XCConfigurationList;
			buildConfigurations = (
				7A89DD152632A94300D23AEE /* Debug */,
				7A89DD162632A94300D23AEE /* Release */,
			);
			defaultConfigurationIsVisible = 0;
			defaultConfigurationName = Release;
		};
		7A89DD172632A94300D23AEE /* Build configuration list for PBXNativeTarget "CalendarTests" */ = {
			isa = XCConfigurationList;
			buildConfigurations = (
				7A89DD182632A94300D23AEE /* Debug */,
				7A89DD192632A94300D23AEE /* Release */,
			);
			defaultConfigurationIsVisible = 0;
			defaultConfigurationName = Release;
		};
		7A89DD1A2632A94300D23AEE /* Build configuration list for PBXNativeTarget "CalendarUITests" */ = {
			isa = XCConfigurationList;
			buildConfigurations = (
				7A89DD1B2632A94300D23AEE /* Debug */,
				7A89DD1C2632A94300D23AEE /* Release */,
			);
			defaultConfigurationIsVisible = 0;
			defaultConfigurationName = Release;
		};
/* End XCConfigurationList section */
	};
	rootObject = 7A89DCE22632A94200D23AEE /* Project object */;
}
